Microsoft Visual Studio Solution File, Format Version 12.00
# Visual Studio Version 17
VisualStudioVersion = 17.5.2.0
MinimumVisualStudioVersion = 10.0.40219.1
Project("{FAE04EC0-301F-11D3-BF4B-00C04F79EFBC}") = "JsonPatchGenerator.Tests", "JsonPatchGenerator.Tests.csproj", "{81045344-C12C-8904-3DD3-C8B8C0403CCB}"
EndProject
Global
	GlobalSection(SolutionConfigurationPlatforms) = preSolution
		Debug|Any CPU = Debug|Any CPU
		Release|Any CPU = Release|Any CPU
	EndGlobalSection
	GlobalSection(ProjectConfigurationPlatforms) = postSolution
		{81045344-C12C-8904-3DD3-C8B8C0403CCB}.Debug|Any CPU.ActiveCfg = Debug|Any CPU
		{81045344-C12C-8904-3DD3-C8B8C0403CCB}.Debug|Any CPU.Build.0 = Debug|Any CPU
		{81045344-C12C-8904-3DD3-C8B8C0403CCB}.Release|Any CPU.ActiveCfg = Release|Any CPU
		{81045344-C12C-8904-3DD3-C8B8C0403CCB}.Release|Any CPU.Build.0 = Release|Any CPU
	EndGlobalSection
	GlobalSection(SolutionProperties) = preSolution
		HideSolutionNode = FALSE
	EndGlobalSection
	GlobalSection(ExtensibilityGlobals) = postSolution
		SolutionGuid = {FF512E04-1EB6-4432-9F78-9ED4903854C4}
	EndGlobalSection
EndGlobal
